
Microsoft Visual Studio Solution File, Format Version 12.00
# Visual Studio Version 17
VisualStudioVersion = 17.12.35506.116 d17.12
MinimumVisualStudioVersion = 10.0.40219.1
Project("{FAE04EC0-301F-11D3-BF4B-00C04F79EFBC}") = "WebAPI", "src\WebAPI\WebAPI.csproj", "{0522C453-51C1-4505-8B4F-631CFF975BC2}"
EndProject
Project("{2150E333-8FDC-42A3-9474-1A3956D46DE8}") = "src", "src", "{4F7D808B-6E66-48B6-A0CB-032784FE8879}"
EndProject
Project("{FAE04EC0-301F-11D3-BF4B-00C04F79EFBC}") = "WebAPI.Tests.UnitTest", "tests\WebAPI.Tests.UnitTest\WebAPI.Tests.UnitTest.csproj", "{7E018114-00B0-4E10-87D9-3D73BE249F9B}"
EndProject
Project("{2150E333-8FDC-42A3-9474-1A3956D46DE8}") = "tests", "tests", "{37BDAFB6-10A7-467F-88B2-3795088F0A4A}"
EndProject
Global
	GlobalSection(SolutionConfigurationPlatforms) = preSolution
		Debug|Any CPU = Debug|Any CPU
		Release|Any CPU = Release|Any CPU
	EndGlobalSection
	GlobalSection(ProjectConfigurationPlatforms) = postSolution
		{0522C453-51C1-4505-8B4F-631CFF975BC2}.Debug|Any CPU.ActiveCfg = Debug|Any CPU
		{0522C453-51C1-4505-8B4F-631CFF975BC2}.Debug|Any CPU.Build.0 = Debug|Any CPU
		{0522C453-51C1-4505-8B4F-631CFF975BC2}.Release|Any CPU.ActiveCfg = Release|Any CPU
		{0522C453-51C1-4505-8B4F-631CFF975BC2}.Release|Any CPU.Build.0 = Release|Any CPU
		{7E018114-00B0-4E10-87D9-3D73BE249F9B}.Debug|Any CPU.ActiveCfg = Debug|Any CPU
		{7E018114-00B0-4E10-87D9-3D73BE249F9B}.Debug|Any CPU.Build.0 = Debug|Any CPU
		{7E018114-00B0-4E10-87D9-3D73BE249F9B}.Release|Any CPU.ActiveCfg = Release|Any CPU
		{7E018114-00B0-4E10-87D9-3D73BE249F9B}.Release|Any CPU.Build.0 = Release|Any CPU
	EndGlobalSection
	GlobalSection(SolutionProperties) = preSolution
		HideSolutionNode = FALSE
	EndGlobalSection
	GlobalSection(NestedProjects) = preSolution
		{0522C453-51C1-4505-8B4F-631CFF975BC2} = {4F7D808B-6E66-48B6-A0CB-032784FE8879}
		{7E018114-00B0-4E10-87D9-3D73BE249F9B} = {37BDAFB6-10A7-467F-88B2-3795088F0A4A}
	EndGlobalSection
EndGlobal
