
Microsoft Visual Studio Solution File, Format Version 12.00
# Visual Studio Version 17
VisualStudioVersion = 17.11.35327.3
MinimumVisualStudioVersion = 10.0.40219.1
Project("{2150E333-8FDC-42A3-9474-1A3956D46DE8}") = "src", "src", "{3D43B3F8-E3D0-4F6F-975D-E16219EEFE61}"
EndProject
Project("{2150E333-8FDC-42A3-9474-1A3956D46DE8}") = "tests", "tests", "{2AF2461C-4936-41CD-BE73-2F8EAB5CD440}"
EndProject
Project("{FAE04EC0-301F-11D3-BF4B-00C04F79EFBC}") = "TestingTechniques", "src\TestingTechniques\TestingTechniques.csproj", "{4756C9EB-1F8F-4B95-9B2C-DB54EB34D638}"
EndProject
Project("{FAE04EC0-301F-11D3-BF4B-00C04F79EFBC}") = "TestingTechniques.Tests.UnitTest", "tests\TestingTechniques.Tests.UnitTest\TestingTechniques.Tests.UnitTest.csproj", "{70BCEEE4-0650-4199-90F7-1CC55B6CF496}"
EndProject
Global
	GlobalSection(SolutionConfigurationPlatforms) = preSolution
		Debug|Any CPU = Debug|Any CPU
		Release|Any CPU = Release|Any CPU
	EndGlobalSection
	GlobalSection(ProjectConfigurationPlatforms) = postSolution
		{4756C9EB-1F8F-4B95-9B2C-DB54EB34D638}.Debug|Any CPU.ActiveCfg = Debug|Any CPU
		{4756C9EB-1F8F-4B95-9B2C-DB54EB34D638}.Debug|Any CPU.Build.0 = Debug|Any CPU
		{4756C9EB-1F8F-4B95-9B2C-DB54EB34D638}.Release|Any CPU.ActiveCfg = Release|Any CPU
		{4756C9EB-1F8F-4B95-9B2C-DB54EB34D638}.Release|Any CPU.Build.0 = Release|Any CPU
		{70BCEEE4-0650-4199-90F7-1CC55B6CF496}.Debug|Any CPU.ActiveCfg = Debug|Any CPU
		{70BCEEE4-0650-4199-90F7-1CC55B6CF496}.Debug|Any CPU.Build.0 = Debug|Any CPU
		{70BCEEE4-0650-4199-90F7-1CC55B6CF496}.Release|Any CPU.ActiveCfg = Release|Any CPU
		{70BCEEE4-0650-4199-90F7-1CC55B6CF496}.Release|Any CPU.Build.0 = Release|Any CPU
	EndGlobalSection
	GlobalSection(SolutionProperties) = preSolution
		HideSolutionNode = FALSE
	EndGlobalSection
	GlobalSection(NestedProjects) = preSolution
		{4756C9EB-1F8F-4B95-9B2C-DB54EB34D638} = {3D43B3F8-E3D0-4F6F-975D-E16219EEFE61}
		{70BCEEE4-0650-4199-90F7-1CC55B6CF496} = {2AF2461C-4936-41CD-BE73-2F8EAB5CD440}
	EndGlobalSection
	GlobalSection(ExtensibilityGlobals) = postSolution
		SolutionGuid = {D861FF0E-D7B4-4C95-BC77-8C34BDB6ECE3}
	EndGlobalSection
EndGlobal
