
Microsoft Visual Studio Solution File, Format Version 12.00
# Visual Studio Version 17
VisualStudioVersion = 17.12.35506.116
MinimumVisualStudioVersion = 10.0.40219.1
Project("{FAE04EC0-301F-11D3-BF4B-00C04F79EFBC}") = "eTicaret.Domain.Tests.UnitTest", "tests\eTicaret.Domain.Tests.UnitTest\eTicaret.Domain.Tests.UnitTest.csproj", "{A5E4B90E-5731-4EB8-976E-8B12D27D9A64}"
EndProject
Project("{2150E333-8FDC-42A3-9474-1A3956D46DE8}") = "tests", "tests", "{CE332E97-849D-47AF-AD4A-C1D77DFF3AD4}"
	ProjectSection(SolutionItems) = preProject
		..\README.md = ..\README.md
		..\TestLists.md = ..\TestLists.md
	EndProjectSection
EndProject
Project("{2150E333-8FDC-42A3-9474-1A3956D46DE8}") = "src", "src", "{409408C5-9A53-49D2-B5E8-08F59AAC030A}"
EndProject
Project("{FAE04EC0-301F-11D3-BF4B-00C04F79EFBC}") = "eTicaret.Domain", "src\eTicaret.Domain\eTicaret.Domain.csproj", "{8A3B7BA2-9A6A-4087-B4AF-E5EE380897CF}"
EndProject
Project("{FAE04EC0-301F-11D3-BF4B-00C04F79EFBC}") = "eTicaret.Application", "src\eTicaret.Application\eTicaret.Application.csproj", "{557065D1-84BC-47EB-AB15-CA6E4015EDC6}"
EndProject
Project("{FAE04EC0-301F-11D3-BF4B-00C04F79EFBC}") = "eTicaret.Application.Tests.UnitTest", "tests\eTicaret.Application.Tests.UnitTest\eTicaret.Application.Tests.UnitTest.csproj", "{A070C503-B5C2-4E09-AD17-B4D3A1C6E391}"
EndProject
Project("{FAE04EC0-301F-11D3-BF4B-00C04F79EFBC}") = "eTicaret.WebAPI.Tests.IntegrationTest", "tests\eTicaret.WebAPI.Tests.IntegrationTest\eTicaret.WebAPI.Tests.IntegrationTest.csproj", "{FEE26BBE-B5D8-4024-A2C2-9BD5F42D3B88}"
EndProject
Project("{FAE04EC0-301F-11D3-BF4B-00C04F79EFBC}") = "eTicaret.WebAPI", "src\eTicaret.WebAPI\eTicaret.WebAPI.csproj", "{5D08AC85-676A-4E4D-958E-0D52B6A93DB4}"
EndProject
Project("{FAE04EC0-301F-11D3-BF4B-00C04F79EFBC}") = "eTicaret.Infrastructure", "src\eTicaret.Infrastructure\eTicaret.Infrastructure.csproj", "{71B7C42A-80A7-4161-BE6E-00E78E5D8A10}"
EndProject
Global
	GlobalSection(SolutionConfigurationPlatforms) = preSolution
		Debug|Any CPU = Debug|Any CPU
		Release|Any CPU = Release|Any CPU
	EndGlobalSection
	GlobalSection(ProjectConfigurationPlatforms) = postSolution
		{A5E4B90E-5731-4EB8-976E-8B12D27D9A64}.Debug|Any CPU.ActiveCfg = Debug|Any CPU
		{A5E4B90E-5731-4EB8-976E-8B12D27D9A64}.Debug|Any CPU.Build.0 = Debug|Any CPU
		{A5E4B90E-5731-4EB8-976E-8B12D27D9A64}.Release|Any CPU.ActiveCfg = Release|Any CPU
		{A5E4B90E-5731-4EB8-976E-8B12D27D9A64}.Release|Any CPU.Build.0 = Release|Any CPU
		{8A3B7BA2-9A6A-4087-B4AF-E5EE380897CF}.Debug|Any CPU.ActiveCfg = Debug|Any CPU
		{8A3B7BA2-9A6A-4087-B4AF-E5EE380897CF}.Debug|Any CPU.Build.0 = Debug|Any CPU
		{8A3B7BA2-9A6A-4087-B4AF-E5EE380897CF}.Release|Any CPU.ActiveCfg = Release|Any CPU
		{8A3B7BA2-9A6A-4087-B4AF-E5EE380897CF}.Release|Any CPU.Build.0 = Release|Any CPU
		{557065D1-84BC-47EB-AB15-CA6E4015EDC6}.Debug|Any CPU.ActiveCfg = Debug|Any CPU
		{557065D1-84BC-47EB-AB15-CA6E4015EDC6}.Debug|Any CPU.Build.0 = Debug|Any CPU
		{557065D1-84BC-47EB-AB15-CA6E4015EDC6}.Release|Any CPU.ActiveCfg = Release|Any CPU
		{557065D1-84BC-47EB-AB15-CA6E4015EDC6}.Release|Any CPU.Build.0 = Release|Any CPU
		{A070C503-B5C2-4E09-AD17-B4D3A1C6E391}.Debug|Any CPU.ActiveCfg = Debug|Any CPU
		{A070C503-B5C2-4E09-AD17-B4D3A1C6E391}.Debug|Any CPU.Build.0 = Debug|Any CPU
		{A070C503-B5C2-4E09-AD17-B4D3A1C6E391}.Release|Any CPU.ActiveCfg = Release|Any CPU
		{A070C503-B5C2-4E09-AD17-B4D3A1C6E391}.Release|Any CPU.Build.0 = Release|Any CPU
		{FEE26BBE-B5D8-4024-A2C2-9BD5F42D3B88}.Debug|Any CPU.ActiveCfg = Debug|Any CPU
		{FEE26BBE-B5D8-4024-A2C2-9BD5F42D3B88}.Debug|Any CPU.Build.0 = Debug|Any CPU
		{FEE26BBE-B5D8-4024-A2C2-9BD5F42D3B88}.Release|Any CPU.ActiveCfg = Release|Any CPU
		{FEE26BBE-B5D8-4024-A2C2-9BD5F42D3B88}.Release|Any CPU.Build.0 = Release|Any CPU
		{5D08AC85-676A-4E4D-958E-0D52B6A93DB4}.Debug|Any CPU.ActiveCfg = Debug|Any CPU
		{5D08AC85-676A-4E4D-958E-0D52B6A93DB4}.Debug|Any CPU.Build.0 = Debug|Any CPU
		{5D08AC85-676A-4E4D-958E-0D52B6A93DB4}.Release|Any CPU.ActiveCfg = Release|Any CPU
		{5D08AC85-676A-4E4D-958E-0D52B6A93DB4}.Release|Any CPU.Build.0 = Release|Any CPU
		{71B7C42A-80A7-4161-BE6E-00E78E5D8A10}.Debug|Any CPU.ActiveCfg = Debug|Any CPU
		{71B7C42A-80A7-4161-BE6E-00E78E5D8A10}.Debug|Any CPU.Build.0 = Debug|Any CPU
		{71B7C42A-80A7-4161-BE6E-00E78E5D8A10}.Release|Any CPU.ActiveCfg = Release|Any CPU
		{71B7C42A-80A7-4161-BE6E-00E78E5D8A10}.Release|Any CPU.Build.0 = Release|Any CPU
	EndGlobalSection
	GlobalSection(SolutionProperties) = preSolution
		HideSolutionNode = FALSE
	EndGlobalSection
	GlobalSection(NestedProjects) = preSolution
		{A5E4B90E-5731-4EB8-976E-8B12D27D9A64} = {CE332E97-849D-47AF-AD4A-C1D77DFF3AD4}
		{8A3B7BA2-9A6A-4087-B4AF-E5EE380897CF} = {409408C5-9A53-49D2-B5E8-08F59AAC030A}
		{557065D1-84BC-47EB-AB15-CA6E4015EDC6} = {409408C5-9A53-49D2-B5E8-08F59AAC030A}
		{A070C503-B5C2-4E09-AD17-B4D3A1C6E391} = {CE332E97-849D-47AF-AD4A-C1D77DFF3AD4}
		{FEE26BBE-B5D8-4024-A2C2-9BD5F42D3B88} = {CE332E97-849D-47AF-AD4A-C1D77DFF3AD4}
		{5D08AC85-676A-4E4D-958E-0D52B6A93DB4} = {409408C5-9A53-49D2-B5E8-08F59AAC030A}
		{71B7C42A-80A7-4161-BE6E-00E78E5D8A10} = {409408C5-9A53-49D2-B5E8-08F59AAC030A}
	EndGlobalSection
EndGlobal
